Microsoft Visual Studio Solution File, Format Version 12.00
# Visual Studio Version 17
VisualStudioVersion = 17.5.2.0
MinimumVisualStudioVersion = 10.0.40219.1
Project("{FAE04EC0-301F-11D3-BF4B-00C04F79EFBC}") = "Gestao-Financeira", "Gestao-Financeira.csproj", "{61927183-656D-DD46-5354-DF7C1FF5AD01}"
EndProject
Global
	GlobalSection(SolutionConfigurationPlatforms) = preSolution
		Debug|Any CPU = Debug|Any CPU
		Release|Any CPU = Release|Any CPU
	EndGlobalSection
	GlobalSection(ProjectConfigurationPlatforms) = postSolution
		{61927183-656D-DD46-5354-DF7C1FF5AD01}.Debug|Any CPU.ActiveCfg = Debug|Any CPU
		{61927183-656D-DD46-5354-DF7C1FF5AD01}.Debug|Any CPU.Build.0 = Debug|Any CPU
		{61927183-656D-DD46-5354-DF7C1FF5AD01}.Release|Any CPU.ActiveCfg = Release|Any CPU
		{61927183-656D-DD46-5354-DF7C1FF5AD01}.Release|Any CPU.Build.0 = Release|Any CPU
	EndGlobalSection
	GlobalSection(SolutionProperties) = preSolution
		HideSolutionNode = FALSE
	EndGlobalSection
	GlobalSection(ExtensibilityGlobals) = postSolution
		SolutionGuid = {C9AAF013-1D69-4FE3-948F-86BFDB70A181}
	EndGlobalSection
EndGlobal
